
Microsoft Visual Studio Solution File, Format Version 12.00
# Visual Studio Version 16
VisualStudioVersion = 16.0.29409.12
MinimumVisualStudioVersion = 10.0.40219.1
Project("{FAE04EC0-301F-11D3-BF4B-00C04F79EFBC}") = "MyPhotosForm", "MyPhotosForm\MyPhotosForm.csproj", "{FF0723C0-B0AF-4713-9218-E5B420874E21}"
EndProject
Project("{FAE04EC0-301F-11D3-BF4B-00C04F79EFBC}") = "MyPhotosV2", "MyPhotosV2\MyPhotosV2.csproj", "{FAF06879-1E58-4D00-BFEC-A1B64B14BAC7}"
EndProject
Global
	GlobalSection(SolutionConfigurationPlatforms) = preSolution
		Debug|Any CPU = Debug|Any CPU
		Release|Any CPU = Release|Any CPU
	EndGlobalSection
	GlobalSection(ProjectConfigurationPlatforms) = postSolution
		{FF0723C0-B0AF-4713-9218-E5B420874E21}.Debug|Any CPU.ActiveCfg = Debug|Any CPU
		{FF0723C0-B0AF-4713-9218-E5B420874E21}.Debug|Any CPU.Build.0 = Debug|Any CPU
		{FF0723C0-B0AF-4713-9218-E5B420874E21}.Release|Any CPU.ActiveCfg = Release|Any CPU
		{FF0723C0-B0AF-4713-9218-E5B420874E21}.Release|Any CPU.Build.0 = Release|Any CPU
		{FAF06879-1E58-4D00-BFEC-A1B64B14BAC7}.Debug|Any CPU.ActiveCfg = Debug|Any CPU
		{FAF06879-1E58-4D00-BFEC-A1B64B14BAC7}.Debug|Any CPU.Build.0 = Debug|Any CPU
		{FAF06879-1E58-4D00-BFEC-A1B64B14BAC7}.Release|Any CPU.ActiveCfg = Release|Any CPU
		{FAF06879-1E58-4D00-BFEC-A1B64B14BAC7}.Release|Any CPU.Build.0 = Release|Any CPU
	EndGlobalSection
	GlobalSection(SolutionProperties) = preSolution
		HideSolutionNode = FALSE
	EndGlobalSection
	GlobalSection(ExtensibilityGlobals) = postSolution
		SolutionGuid = {3C2E3E25-5D82-49F1-8B84-B63451C0E717}
	EndGlobalSection
EndGlobal
